{
  "requires": true,
  "lockfileVersion": 1,
  "dependencies": {
    "@openzeppelinUpgrade": {
      "version": "4.2.0",
      "resolved": "https://registry.npmjs.org/@openzeppelinUpgrade/-/contracts-upgradeable-4.2.0.tgz",
      "integrity": "sha512-vn0hoUqQzgOLzLZwFgh+w/D5hzJHX8F7X/7t/gZdSQYIEXMyGpXUwkr5A3eoAeoc42f/n7yDhwusvBmNknM41Q=="
    }
  }
}
